
Microsoft Visual Studio Solution File, Format Version 12.00
# Visual Studio Version 17
VisualStudioVersion = 17.9.34622.214
MinimumVisualStudioVersion = 10.0.40219.1
Project("{FAE04EC0-301F-11D3-BF4B-00C04F79EFBC}") = "yefelson.cs", "yefelson.cs\yefelson.cs.csproj", "{B25A3461-D3F3-4C3C-A2C0-51B972016D7B}"
EndProject
Global
	GlobalSection(SolutionConfigurationPlatforms) = preSolution
		Debug|Any CPU = Debug|Any CPU
		Release|Any CPU = Release|Any CPU
	EndGlobalSection
	GlobalSection(ProjectConfigurationPlatforms) = postSolution
		{B25A3461-D3F3-4C3C-A2C0-51B972016D7B}.Debug|Any CPU.ActiveCfg = Debug|Any CPU
		{B25A3461-D3F3-4C3C-A2C0-51B972016D7B}.Debug|Any CPU.Build.0 = Debug|Any CPU
		{B25A3461-D3F3-4C3C-A2C0-51B972016D7B}.Release|Any CPU.ActiveCfg = Release|Any CPU
		{B25A3461-D3F3-4C3C-A2C0-51B972016D7B}.Release|Any CPU.Build.0 = Release|Any CPU
	EndGlobalSection
	GlobalSection(SolutionProperties) = preSolution
		HideSolutionNode = FALSE
	EndGlobalSection
	GlobalSection(ExtensibilityGlobals) = postSolution
		SolutionGuid = {46AA400F-3505-4173-98B6-ECA934767CF6}
	EndGlobalSection
EndGlobal
